
Microsoft Visual Studio Solution File, Format Version 12.00
# Visual Studio Version 17
VisualStudioVersion = 17.0.31903.59
MinimumVisualStudioVersion = 10.0.40219.1
Project("{FAE04EC0-301F-11D3-BF4B-00C04F79EFBC}") = "SealedDemo", "SealedDemo\SealedDemo.csproj", "{84C896A7-97E7-47D5-9737-8BBB1EA315EC}"
EndProject
Global
	GlobalSection(SolutionConfigurationPlatforms) = preSolution
		Debug|Any CPU = Debug|Any CPU
		Release|Any CPU = Release|Any CPU
	EndGlobalSection
	GlobalSection(ProjectConfigurationPlatforms) = postSolution
		{84C896A7-97E7-47D5-9737-8BBB1EA315EC}.Debug|Any CPU.ActiveCfg = Debug|Any CPU
		{84C896A7-97E7-47D5-9737-8BBB1EA315EC}.Debug|Any CPU.Build.0 = Debug|Any CPU
		{84C896A7-97E7-47D5-9737-8BBB1EA315EC}.Release|Any CPU.ActiveCfg = Release|Any CPU
		{84C896A7-97E7-47D5-9737-8BBB1EA315EC}.Release|Any CPU.Build.0 = Release|Any CPU
	EndGlobalSection
	GlobalSection(SolutionProperties) = preSolution
		HideSolutionNode = FALSE
	EndGlobalSection
	GlobalSection(ExtensibilityGlobals) = postSolution
		SolutionGuid = {33C20C86-C518-4EBF-95D6-FB89F9F73A2D}
	EndGlobalSection
EndGlobal
