
Microsoft Visual Studio Solution File, Format Version 12.00
# Visual Studio Version 17
VisualStudioVersion = 17.0.31903.59
MinimumVisualStudioVersion = 10.0.40219.1
Project("{FAE04EC0-301F-11D3-BF4B-00C04F79EFBC}") = "OperatorOverloding", "OperatorOverloding\OperatorOverloding.csproj", "{08530A96-BB87-4ED9-AD75-41494FC6F85F}"
EndProject
Global
	GlobalSection(SolutionConfigurationPlatforms) = preSolution
		Debug|Any CPU = Debug|Any CPU
		Release|Any CPU = Release|Any CPU
	EndGlobalSection
	GlobalSection(ProjectConfigurationPlatforms) = postSolution
		{08530A96-BB87-4ED9-AD75-41494FC6F85F}.Debug|Any CPU.ActiveCfg = Debug|Any CPU
		{08530A96-BB87-4ED9-AD75-41494FC6F85F}.Debug|Any CPU.Build.0 = Debug|Any CPU
		{08530A96-BB87-4ED9-AD75-41494FC6F85F}.Release|Any CPU.ActiveCfg = Release|Any CPU
		{08530A96-BB87-4ED9-AD75-41494FC6F85F}.Release|Any CPU.Build.0 = Release|Any CPU
	EndGlobalSection
	GlobalSection(SolutionProperties) = preSolution
		HideSolutionNode = FALSE
	EndGlobalSection
	GlobalSection(ExtensibilityGlobals) = postSolution
		SolutionGuid = {0DF595F4-7024-47EB-9915-D2DCF69F3B6C}
	EndGlobalSection
EndGlobal
