
Microsoft Visual Studio Solution File, Format Version 12.00
# Visual Studio Version 17
VisualStudioVersion = 17.0.31903.59
MinimumVisualStudioVersion = 10.0.40219.1
Project("{FAE04EC0-301F-11D3-BF4B-00C04F79EFBC}") = "AbstractDemo2", "AbstractDemo2\AbstractDemo2.csproj", "{5C9DBA64-AEAB-4848-9A0F-FC82201333BC}"
EndProject
Global
	GlobalSection(SolutionConfigurationPlatforms) = preSolution
		Debug|Any CPU = Debug|Any CPU
		Release|Any CPU = Release|Any CPU
	EndGlobalSection
	GlobalSection(ProjectConfigurationPlatforms) = postSolution
		{5C9DBA64-AEAB-4848-9A0F-FC82201333BC}.Debug|Any CPU.ActiveCfg = Debug|Any CPU
		{5C9DBA64-AEAB-4848-9A0F-FC82201333BC}.Debug|Any CPU.Build.0 = Debug|Any CPU
		{5C9DBA64-AEAB-4848-9A0F-FC82201333BC}.Release|Any CPU.ActiveCfg = Release|Any CPU
		{5C9DBA64-AEAB-4848-9A0F-FC82201333BC}.Release|Any CPU.Build.0 = Release|Any CPU
	EndGlobalSection
	GlobalSection(SolutionProperties) = preSolution
		HideSolutionNode = FALSE
	EndGlobalSection
	GlobalSection(ExtensibilityGlobals) = postSolution
		SolutionGuid = {90293AF5-FA0B-417B-86F7-3B0D3721A56D}
	EndGlobalSection
EndGlobal
