
Microsoft Visual Studio Solution File, Format Version 12.00
# Visual Studio Version 17
VisualStudioVersion = 17.0.31903.59
MinimumVisualStudioVersion = 10.0.40219.1
Project("{FAE04EC0-301F-11D3-BF4B-00C04F79EFBC}") = "Employee1", "Employee1\Employee1.csproj", "{F55CCEDA-2644-4E15-B270-17401C527117}"
EndProject
Global
	GlobalSection(SolutionConfigurationPlatforms) = preSolution
		Debug|Any CPU = Debug|Any CPU
		Release|Any CPU = Release|Any CPU
	EndGlobalSection
	GlobalSection(ProjectConfigurationPlatforms) = postSolution
		{F55CCEDA-2644-4E15-B270-17401C527117}.Debug|Any CPU.ActiveCfg = Debug|Any CPU
		{F55CCEDA-2644-4E15-B270-17401C527117}.Debug|Any CPU.Build.0 = Debug|Any CPU
		{F55CCEDA-2644-4E15-B270-17401C527117}.Release|Any CPU.ActiveCfg = Release|Any CPU
		{F55CCEDA-2644-4E15-B270-17401C527117}.Release|Any CPU.Build.0 = Release|Any CPU
	EndGlobalSection
	GlobalSection(SolutionProperties) = preSolution
		HideSolutionNode = FALSE
	EndGlobalSection
	GlobalSection(ExtensibilityGlobals) = postSolution
		SolutionGuid = {C1B5ADEB-9DF4-4407-9948-BA839B82D00B}
	EndGlobalSection
EndGlobal
